
Microsoft Visual Studio Solution File, Format Version 12.00
# Visual Studio 15
VisualStudioVersion = 15.0.27703.2000
MinimumVisualStudioVersion = 10.0.40219.1
Project("{FAE04EC0-301F-11D3-BF4B-00C04F79EFBC}") = "UefaChampionsLeague", "UefaChampionsLeague\UefaChampionsLeague.csproj", "{7FB826AD-B294-4BEF-AF11-0E42EB3C41ED}"
EndProject
Global
	GlobalSection(SolutionConfigurationPlatforms) = preSolution
		Debug|Any CPU = Debug|Any CPU
		Release|Any CPU = Release|Any CPU
	EndGlobalSection
	GlobalSection(ProjectConfigurationPlatforms) = postSolution
		{7FB826AD-B294-4BEF-AF11-0E42EB3C41ED}.Debug|Any CPU.ActiveCfg = Debug|Any CPU
		{7FB826AD-B294-4BEF-AF11-0E42EB3C41ED}.Debug|Any CPU.Build.0 = Debug|Any CPU
		{7FB826AD-B294-4BEF-AF11-0E42EB3C41ED}.Release|Any CPU.ActiveCfg = Release|Any CPU
		{7FB826AD-B294-4BEF-AF11-0E42EB3C41ED}.Release|Any CPU.Build.0 = Release|Any CPU
	EndGlobalSection
	GlobalSection(SolutionProperties) = preSolution
		HideSolutionNode = FALSE
	EndGlobalSection
	GlobalSection(ExtensibilityGlobals) = postSolution
		SolutionGuid = {D15D71E2-0511-42BC-AE68-FFD643A4E65F}
	EndGlobalSection
EndGlobal
